
Microsoft Visual Studio Solution File, Format Version 12.00
# Visual Studio Version 17
VisualStudioVersion = 17.2.32526.322
MinimumVisualStudioVersion = 10.0.40219.1
Project("{8BC9CEB8-8B4A-11D0-8D11-00A0C91BC942}") = "Ass_0", "Ass_0\Ass_0.vcxproj", "{4A3BDBD0-82E4-4FA9-967F-ED8827187578}"
EndProject
Project("{8BC9CEB8-8B4A-11D0-8D11-00A0C91BC942}") = "Ass_1", "Ass_1\Ass_1.vcxproj", "{9305777F-C143-482E-B140-7AAFB2286CB1}"
EndProject
Project("{8BC9CEB8-8B4A-11D0-8D11-00A0C91BC942}") = "Ass_2", "Ass_2\Ass_2.vcxproj", "{F80233C3-97E2-4F47-AE52-2BC4CF981B99}"
EndProject
Project("{8BC9CEB8-8B4A-11D0-8D11-00A0C91BC942}") = "Ass_3", "Ass_3\Ass_3.vcxproj", "{34847C73-23D3-48B5-91B9-669CF2CBB7DF}"
EndProject
Project("{8BC9CEB8-8B4A-11D0-8D11-00A0C91BC942}") = "Ass_4", "Ass_4\Ass_4.vcxproj", "{E81A2037-9D4B-428F-989D-91924CAA280C}"
EndProject
Project("{8BC9CEB8-8B4A-11D0-8D11-00A0C91BC942}") = "Ass_8", "Ass_8\Ass_8.vcxproj", "{203801C1-31B9-4E1E-8B6D-3E9981BBDAF0}"
EndProject
Project("{8BC9CEB8-8B4A-11D0-8D11-00A0C91BC942}") = "Ass_5", "Ass_5\Ass_5.vcxproj", "{18BC071A-8CF4-45F3-8BA6-5F899461FA09}"
EndProject
Global
	GlobalSection(SolutionConfigurationPlatforms) = preSolution
		Debug|x64 = Debug|x64
		Debug|x86 = Debug|x86
		Release|x64 = Release|x64
		Release|x86 = Release|x86
	EndGlobalSection
	GlobalSection(ProjectConfigurationPlatforms) = postSolution
		{4A3BDBD0-82E4-4FA9-967F-ED8827187578}.Debug|x64.ActiveCfg = Debug|x64
		{4A3BDBD0-82E4-4FA9-967F-ED8827187578}.Debug|x64.Build.0 = Debug|x64
		{4A3BDBD0-82E4-4FA9-967F-ED8827187578}.Debug|x86.ActiveCfg = Debug|Win32
		{4A3BDBD0-82E4-4FA9-967F-ED8827187578}.Debug|x86.Build.0 = Debug|Win32
		{4A3BDBD0-82E4-4FA9-967F-ED8827187578}.Release|x64.ActiveCfg = Release|x64
		{4A3BDBD0-82E4-4FA9-967F-ED8827187578}.Release|x64.Build.0 = Release|x64
		{4A3BDBD0-82E4-4FA9-967F-ED8827187578}.Release|x86.ActiveCfg = Release|Win32
		{4A3BDBD0-82E4-4FA9-967F-ED8827187578}.Release|x86.Build.0 = Release|Win32
		{9305777F-C143-482E-B140-7AAFB2286CB1}.Debug|x64.ActiveCfg = Debug|x64
		{9305777F-C143-482E-B140-7AAFB2286CB1}.Debug|x64.Build.0 = Debug|x64
		{9305777F-C143-482E-B140-7AAFB2286CB1}.Debug|x86.ActiveCfg = Debug|Win32
		{9305777F-C143-482E-B140-7AAFB2286CB1}.Debug|x86.Build.0 = Debug|Win32
		{9305777F-C143-482E-B140-7AAFB2286CB1}.Release|x64.ActiveCfg = Release|x64
		{9305777F-C143-482E-B140-7AAFB2286CB1}.Release|x64.Build.0 = Release|x64
		{9305777F-C143-482E-B140-7AAFB2286CB1}.Release|x86.ActiveCfg = Release|Win32
		{9305777F-C143-482E-B140-7AAFB2286CB1}.Release|x86.Build.0 = Release|Win32
		{F80233C3-97E2-4F47-AE52-2BC4CF981B99}.Debug|x64.ActiveCfg = Debug|x64
		{F80233C3-97E2-4F47-AE52-2BC4CF981B99}.Debug|x64.Build.0 = Debug|x64
		{F80233C3-97E2-4F47-AE52-2BC4CF981B99}.Debug|x86.ActiveCfg = Debug|Win32
		{F80233C3-97E2-4F47-AE52-2BC4CF981B99}.Debug|x86.Build.0 = Debug|Win32
		{F80233C3-97E2-4F47-AE52-2BC4CF981B99}.Release|x64.ActiveCfg = Release|x64
		{F80233C3-97E2-4F47-AE52-2BC4CF981B99}.Release|x64.Build.0 = Release|x64
		{F80233C3-97E2-4F47-AE52-2BC4CF981B99}.Release|x86.ActiveCfg = Release|Win32
		{F80233C3-97E2-4F47-AE52-2BC4CF981B99}.Release|x86.Build.0 = Release|Win32
		{34847C73-23D3-48B5-91B9-669CF2CBB7DF}.Debug|x64.ActiveCfg = Debug|x64
		{34847C73-23D3-48B5-91B9-669CF2CBB7DF}.Debug|x64.Build.0 = Debug|x64
		{34847C73-23D3-48B5-91B9-669CF2CBB7DF}.Debug|x86.ActiveCfg = Debug|Win32
		{34847C73-23D3-48B5-91B9-669CF2CBB7DF}.Debug|x86.Build.0 = Debug|Win32
		{34847C73-23D3-48B5-91B9-669CF2CBB7DF}.Release|x64.ActiveCfg = Release|x64
		{34847C73-23D3-48B5-91B9-669CF2CBB7DF}.Release|x64.Build.0 = Release|x64
		{34847C73-23D3-48B5-91B9-669CF2CBB7DF}.Release|x86.ActiveCfg = Release|Win32
		{34847C73-23D3-48B5-91B9-669CF2CBB7DF}.Release|x86.Build.0 = Release|Win32
		{E81A2037-9D4B-428F-989D-91924CAA280C}.Debug|x64.ActiveCfg = Debug|x64
		{E81A2037-9D4B-428F-989D-91924CAA280C}.Debug|x64.Build.0 = Debug|x64
		{E81A2037-9D4B-428F-989D-91924CAA280C}.Debug|x86.ActiveCfg = Debug|Win32
		{E81A2037-9D4B-428F-989D-91924CAA280C}.Debug|x86.Build.0 = Debug|Win32
		{E81A2037-9D4B-428F-989D-91924CAA280C}.Release|x64.ActiveCfg = Release|x64
		{E81A2037-9D4B-428F-989D-91924CAA280C}.Release|x64.Build.0 = Release|x64
		{E81A2037-9D4B-428F-989D-91924CAA280C}.Release|x86.ActiveCfg = Release|Win32
		{E81A2037-9D4B-428F-989D-91924CAA280C}.Release|x86.Build.0 = Release|Win32
		{203801C1-31B9-4E1E-8B6D-3E9981BBDAF0}.Debug|x64.ActiveCfg = Debug|x64
		{203801C1-31B9-4E1E-8B6D-3E9981BBDAF0}.Debug|x64.Build.0 = Debug|x64
		{203801C1-31B9-4E1E-8B6D-3E9981BBDAF0}.Debug|x86.ActiveCfg = Debug|Win32
		{203801C1-31B9-4E1E-8B6D-3E9981BBDAF0}.Debug|x86.Build.0 = Debug|Win32
		{203801C1-31B9-4E1E-8B6D-3E9981BBDAF0}.Release|x64.ActiveCfg = Release|x64
		{203801C1-31B9-4E1E-8B6D-3E9981BBDAF0}.Release|x64.Build.0 = Release|x64
		{203801C1-31B9-4E1E-8B6D-3E9981BBDAF0}.Release|x86.ActiveCfg = Release|Win32
		{203801C1-31B9-4E1E-8B6D-3E9981BBDAF0}.Release|x86.Build.0 = Release|Win32
		{18BC071A-8CF4-45F3-8BA6-5F899461FA09}.Debug|x64.ActiveCfg = Debug|x64
		{18BC071A-8CF4-45F3-8BA6-5F899461FA09}.Debug|x64.Build.0 = Debug|x64
		{18BC071A-8CF4-45F3-8BA6-5F899461FA09}.Debug|x86.ActiveCfg = Debug|Win32
		{18BC071A-8CF4-45F3-8BA6-5F899461FA09}.Debug|x86.Build.0 = Debug|Win32
		{18BC071A-8CF4-45F3-8BA6-5F899461FA09}.Release|x64.ActiveCfg = Release|x64
		{18BC071A-8CF4-45F3-8BA6-5F899461FA09}.Release|x64.Build.0 = Release|x64
		{18BC071A-8CF4-45F3-8BA6-5F899461FA09}.Release|x86.ActiveCfg = Release|Win32
		{18BC071A-8CF4-45F3-8BA6-5F899461FA09}.Release|x86.Build.0 = Release|Win32
	EndGlobalSection
	GlobalSection(SolutionProperties) = preSolution
		HideSolutionNode = FALSE
	EndGlobalSection
	GlobalSection(ExtensibilityGlobals) = postSolution
		SolutionGuid = {3CF9C9E0-ACDA-486A-83AE-8F58F12F3A3C}
	EndGlobalSection
EndGlobal
